// !$*UTF8*$!
{
	archiveVersion = 1;
	classes = {
	};
	objectVersion = 45;
	objects = {

/* Begin PBXBuildFile section */
		1D3623260D0F684500981E51 /* TableViewModelAppDelegate.m in Sources */ = {isa = PBXBuildFile; fileRef = 1D3623250D0F684500981E51 /* TableViewModelAppDelegate.m */; };
		1D60589B0D05DD56006BFB54 /* main.m in Sources */ = {isa = PBXBuildFile; fileRef = 29B97316FDCFA39411CA2CEA /* main.m */; };
		1D60589F0D05DD5A006BFB54 /* Foundation.framework in Frameworks */ = {isa = PBXBuildFile; fileRef = 1D30AB110D05D00D00671497 /* Foundation.framework */; };
		1DF5F4E00D08C38300B7A737 /* UIKit.framework in Frameworks */ = {isa = PBXBuildFile; fileRef = 1DF5F4DF0D08C38300B7A737 /* UIKit.framework */; };
		288765FD0DF74451002DB57D /* CoreGraphics.framework in Frameworks */ = {isa = PBXBuildFile; fileRef = 288765FC0DF74451002DB57D /* CoreGraphics.framework */; };
		28AD733F0D9D9553002E5188 /* MainWindow.xib in Resources */ = {isa = PBXBuildFile; fileRef = 28AD733E0D9D9553002E5188 /* MainWindow.xib */; };
		A32C9B8A1211B9C100BBE14A /* LRAbstractTableModel.m in Sources */ = {isa = PBXBuildFile; fileRef = A32C9B891211B9C100BBE14A /* LRAbstractTableModel.m */; };
		A32C9BB81211BC5800BBE14A /* ExamplesIndexViewController.m in Sources */ = {isa = PBXBuildFile; fileRef = A32C9B861211B8E100BBE14A /* ExamplesIndexViewController.m */; };
		A32C9BC11211BC6D00BBE14A /* LRAbstractTableModel.m in Sources */ = {isa = PBXBuildFile; fileRef = A32C9B891211B9C100BBE14A /* LRAbstractTableModel.m */; };
		A32C9BCC1211BC8C00BBE14A /* Examples.plist in Resources */ = {isa = PBXBuildFile; fileRef = A32C9B9F1211BB6400BBE14A /* Examples.plist */; };
		A3D492831210AB0C0076940C /* TestHelper.m in Sources */ = {isa = PBXBuildFile; fileRef = A3D492821210AB0C0076940C /* TestHelper.m */; };
		A3D4939B1210ACA60076940C /* libKiwi.a in Frameworks */ = {isa = PBXBuildFile; fileRef = A3D4938E1210AC440076940C /* libKiwi.a */; };
		A3D4939D1210ACAF0076940C /* libMocky.a in Frameworks */ = {isa = PBXBuildFile; fileRef = A3D4935B1210AC280076940C /* libMocky.a */; };
		A3D494B61210BA4A0076940C /* repositories.plist in Resources */ = {isa = PBXBuildFile; fileRef = A3D494B51210BA4A0076940C /* repositories.plist */; };
		A3D494E91210BE2E0076940C /* SimpleTableViewModelTest.m in Sources */ = {isa = PBXBuildFile; fileRef = A3D494E41210BE130076940C /* SimpleTableViewModelTest.m */; };
		A3D4959E1210C6190076940C /* HCPassesBlock.m in Sources */ = {isa = PBXBuildFile; fileRef = A3D4959D1210C6190076940C /* HCPassesBlock.m */; };
		A3D4980C1210E0930076940C /* SimpleTableViewController.m in Sources */ = {isa = PBXBuildFile; fileRef = A3D498011210E0670076940C /* SimpleTableViewController.m */; };
		A3D4980F1210E0990076940C /* SimpleObject.m in Sources */ = {isa = PBXBuildFile; fileRef = A3D497FD1210E0670076940C /* SimpleObject.m */; };
		A3D498101210E0990076940C /* SimpleTableModel.m in Sources */ = {isa = PBXBuildFile; fileRef = A3D497FF1210E0670076940C /* SimpleTableModel.m */; };
		A3D498131210E0A10076940C /* LRTableModelEvent.m in Sources */ = {isa = PBXBuildFile; fileRef = A3D497F91210E0670076940C /* LRTableModelEvent.m */; };
		A3D498141210E0A10076940C /* LRTableModelEvent.m in Sources */ = {isa = PBXBuildFile; fileRef = A3D497F91210E0670076940C /* LRTableModelEvent.m */; };
		A3D498171210E0A70076940C /* SimpleTableModel.m in Sources */ = {isa = PBXBuildFile; fileRef = A3D497FF1210E0670076940C /* SimpleTableModel.m */; };
		A3D498181210E0AA0076940C /* SimpleObject.m in Sources */ = {isa = PBXBuildFile; fileRef = A3D497FD1210E0670076940C /* SimpleObject.m */; };
/* End PBXBuildFile section */

/* Begin PBXContainerItemProxy section */
		A3D4926E1210AA2C0076940C /* PBXContainerItemProxy */ = {
			isa = PBXContainerItemProxy;
			containerPortal = 29B97313FDCFA39411CA2CEA /* Project object */;
			proxyType = 1;
			remoteGlobalIDString = A3D492681210AA210076940C;
			remoteInfo = Tests;
		};
		A3D4935A1210AC280076940C /* PBXContainerItemProxy */ = {
			isa = PBXContainerItemProxy;
			containerPortal = A3D493511210AC270076940C /* Mocky.xcodeproj */;
			proxyType = 2;
			remoteGlobalIDString = D2AAC07E0554694100DB518D;
			remoteInfo = Mocky;
		};
		A3D4935C1210AC280076940C /* PBXContainerItemProxy */ = {
			isa = PBXContainerItemProxy;
			containerPortal = A3D493511210AC270076940C /* Mocky.xcodeproj */;
			proxyType = 2;
			remoteGlobalIDString = A3464E7E11F279020080B46B;
			remoteInfo = Tests;
		};
		A3D4935E1210AC280076940C /* PBXContainerItemProxy */ = {
			isa = PBXContainerItemProxy;
			containerPortal = A3D493511210AC270076940C /* Mocky.xcodeproj */;
			proxyType = 2;
			remoteGlobalIDString = A36FDBB411FFBB6E004A08F4;
			remoteInfo = "Example Tests";
		};
		A3D4938B1210AC440076940C /* PBXContainerItemProxy */ = {
			isa = PBXContainerItemProxy;
			containerPortal = A3D493821210AC440076940C /* Kiwi.xcodeproj */;
			proxyType = 2;
			remoteGlobalIDString = 1D6058910D05DD3D006BFB54;
			remoteInfo = KiwiDriver;
		};
		A3D4938D1210AC440076940C /* PBXContainerItemProxy */ = {
			isa = PBXContainerItemProxy;
			containerPortal = A3D493821210AC440076940C /* Kiwi.xcodeproj */;
			proxyType = 2;
			remoteGlobalIDString = F5015B9F11583A77002E9A98;
			remoteInfo = Kiwi;
		};
		A3D4938F1210AC440076940C /* PBXContainerItemProxy */ = {
			isa = PBXContainerItemProxy;
			containerPortal = A3D493821210AC440076940C /* Kiwi.xcodeproj */;
			proxyType = 2;
			remoteGlobalIDString = F5015C9E11584017002E9A98;
			remoteInfo = KiwiTests;
		};
		A3D493911210AC570076940C /* PBXContainerItemProxy */ = {
			isa = PBXContainerItemProxy;
			containerPortal = A3D493821210AC440076940C /* Kiwi.xcodeproj */;
			proxyType = 1;
			remoteGlobalIDString = F5015B9E11583A77002E9A98;
			remoteInfo = Kiwi;
		};
		A3D493931210AC570076940C /* PBXContainerItemProxy */ = {
			isa = PBXContainerItemProxy;
			containerPortal = A3D493511210AC270076940C /* Mocky.xcodeproj */;
			proxyType = 1;
			remoteGlobalIDString = D2AAC07D0554694100DB518D;
			remoteInfo = Mocky;
		};
/* End PBXContainerItemProxy section */

/* Begin PBXFileReference section */
		1D30AB110D05D00D00671497 /* Foundation.framework */ = {isa = PBXFileReference; lastKnownFileType = wrapper.framework; name = Foundation.framework; path = System/Library/Frameworks/Foundation.framework; sourceTree = SDKROOT; };
		1D3623240D0F684500981E51 /* TableViewModelAppDelegate.h */ = {isa = PBXFileReference; fileEncoding = 4; lastKnownFileType = sourcecode.c.h; path = TableViewModelAppDelegate.h; sourceTree = "<group>"; };
		1D3623250D0F684500981E51 /* TableViewModelAppDelegate.m */ = {isa = PBXFileReference; fileEncoding = 4; lastKnownFileType = sourcecode.c.objc; path = TableViewModelAppDelegate.m; sourceTree = "<group>"; };
		1D6058910D05DD3D006BFB54 /* TableViewModel.app */ = {isa = PBXFileReference; explicitFileType = wrapper.application; includeInIndex = 0; path = TableViewModel.app; sourceTree = BUILT_PRODUCTS_DIR; };
		1DF5F4DF0D08C38300B7A737 /* UIKit.framework */ = {isa = PBXFileReference; lastKnownFileType = wrapper.framework; name = UIKit.framework; path = System/Library/Frameworks/UIKit.framework; sourceTree = SDKROOT; };
		288765FC0DF74451002DB57D /* CoreGraphics.framework */ = {isa = PBXFileReference; lastKnownFileType = wrapper.framework; name = CoreGraphics.framework; path = System/Library/Frameworks/CoreGraphics.framework; sourceTree = SDKROOT; };
		28AD733E0D9D9553002E5188 /* MainWindow.xib */ = {isa = PBXFileReference; lastKnownFileType = file.xib; path = MainWindow.xib; sourceTree = "<group>"; };
		29B97316FDCFA39411CA2CEA /* main.m */ = {isa = PBXFileReference; fileEncoding = 4; lastKnownFileType = sourcecode.c.objc; path = main.m; sourceTree = "<group>"; };
		32CA4F630368D1EE00C91783 /* TableViewModel_Prefix.pch */ = {isa = PBXFileReference; fileEncoding = 4; lastKnownFileType = sourcecode.c.h; path = TableViewModel_Prefix.pch; sourceTree = "<group>"; };
		8D1107310486CEB800E47090 /* TableViewModel-Info.plist */ = {isa = PBXFileReference; fileEncoding = 4; lastKnownFileType = text.plist.xml; path = "TableViewModel-Info.plist"; plistStructureDefinitionIdentifier = "com.apple.xcode.plist.structure-definition.iphone.info-plist"; sourceTree = "<group>"; };
		A32C9B851211B8E100BBE14A /* ExamplesIndexViewController.h */ = {isa = PBXFileReference; fileEncoding = 4; lastKnownFileType = sourcecode.c.h; path = ExamplesIndexViewController.h; sourceTree = "<group>"; };
		A32C9B861211B8E100BBE14A /* ExamplesIndexViewController.m */ = {isa = PBXFileReference; fileEncoding = 4; lastKnownFileType = sourcecode.c.objc; path = ExamplesIndexViewController.m; sourceTree = "<group>"; };
		A32C9B881211B9C100BBE14A /* LRAbstractTableModel.h */ = {isa = PBXFileReference; fileEncoding = 4; lastKnownFileType = sourcecode.c.h; path = LRAbstractTableModel.h; sourceTree = "<group>"; };
		A32C9B891211B9C100BBE14A /* LRAbstractTableModel.m */ = {isa = PBXFileReference; fileEncoding = 4; lastKnownFileType = sourcecode.c.objc; path = LRAbstractTableModel.m; sourceTree = "<group>"; };
		A32C9B9F1211BB6400BBE14A /* Examples.plist */ = {isa = PBXFileReference; fileEncoding = 4; lastKnownFileType = text.plist.xml; path = Examples.plist; sourceTree = "<group>"; };
		A3D492691210AA210076940C /* Tests.octest */ = {isa = PBXFileReference; explicitFileType = wrapper.cfbundle; includeInIndex = 0; path = Tests.octest; sourceTree = BUILT_PRODUCTS_DIR; };
		A3D4926A1210AA210076940C /* Tests-Info.plist */ = {isa = PBXFileReference; lastKnownFileType = text.plist.xml; path = "Tests-Info.plist"; sourceTree = "<group>"; };
		A3D492791210AA7E0076940C /* TestHelper.h */ = {isa = PBXFileReference; fileEncoding = 4; lastKnownFileType = sourcecode.c.h; path = TestHelper.h; sourceTree = "<group>"; };
		A3D492821210AB0C0076940C /* TestHelper.m */ = {isa = PBXFileReference; fileEncoding = 4; lastKnownFileType = sourcecode.c.objc; path = TestHelper.m; sourceTree = "<group>"; };
		A3D493511210AC270076940C /* Mocky.xcodeproj */ = {isa = PBXFileReference; lastKnownFileType = "wrapper.pb-project"; name = Mocky.xcodeproj; path = LRMocky/Mocky.xcodeproj; sourceTree = "<group>"; };
		A3D493821210AC440076940C /* Kiwi.xcodeproj */ = {isa = PBXFileReference; lastKnownFileType = "wrapper.pb-project"; name = Kiwi.xcodeproj; path = Kiwi/Kiwi.xcodeproj; sourceTree = "<group>"; };
		A3D494B51210BA4A0076940C /* repositories.plist */ = {isa = PBXFileReference; fileEncoding = 4; lastKnownFileType = text.plist.xml; name = repositories.plist; path = Resources/repositories.plist; sourceTree = "<group>"; };
		A3D494E41210BE130076940C /* SimpleTableViewModelTest.m */ = {isa = PBXFileReference; fileEncoding = 4; lastKnownFileType = sourcecode.c.objc; path = SimpleTableViewModelTest.m; sourceTree = "<group>"; };
		A3D4959C1210C6190076940C /* HCPassesBlock.h */ = {isa = PBXFileReference; fileEncoding = 4; lastKnownFileType = sourcecode.c.h; path = HCPassesBlock.h; sourceTree = "<group>"; };
		A3D4959D1210C6190076940C /* HCPassesBlock.m */ = {isa = PBXFileReference; fileEncoding = 4; lastKnownFileType = sourcecode.c.objc; path = HCPassesBlock.m; sourceTree = "<group>"; };
		A3D497F61210E0670076940C /* LRTableModel.h */ = {isa = PBXFileReference; fileEncoding = 4; lastKnownFileType = sourcecode.c.h; path = LRTableModel.h; sourceTree = "<group>"; };
		A3D497F71210E0670076940C /* LRTableModelCellProvider.h */ = {isa = PBXFileReference; fileEncoding = 4; lastKnownFileType = sourcecode.c.h; path = LRTableModelCellProvider.h; sourceTree = "<group>"; };
		A3D497F81210E0670076940C /* LRTableModelEvent.h */ = {isa = PBXFileReference; fileEncoding = 4; lastKnownFileType = sourcecode.c.h; path = LRTableModelEvent.h; sourceTree = "<group>"; };
		A3D497F91210E0670076940C /* LRTableModelEvent.m */ = {isa = PBXFileReference; fileEncoding = 4; lastKnownFileType = sourcecode.c.objc; path = LRTableModelEvent.m; sourceTree = "<group>"; };
		A3D497FA1210E0670076940C /* LRTableModelEventListener.h */ = {isa = PBXFileReference; fileEncoding = 4; lastKnownFileType = sourcecode.c.h; path = LRTableModelEventListener.h; sourceTree = "<group>"; };
		A3D497FC1210E0670076940C /* SimpleObject.h */ = {isa = PBXFileReference; fileEncoding = 4; lastKnownFileType = sourcecode.c.h; path = SimpleObject.h; sourceTree = "<group>"; };
		A3D497FD1210E0670076940C /* SimpleObject.m */ = {isa = PBXFileReference; fileEncoding = 4; lastKnownFileType = sourcecode.c.objc; path = SimpleObject.m; sourceTree = "<group>"; };
		A3D497FE1210E0670076940C /* SimpleTableModel.h */ = {isa = PBXFileReference; fileEncoding = 4; lastKnownFileType = sourcecode.c.h; path = SimpleTableModel.h; sourceTree = "<group>"; };
		A3D497FF1210E0670076940C /* SimpleTableModel.m */ = {isa = PBXFileReference; fileEncoding = 4; lastKnownFileType = sourcecode.c.objc; path = SimpleTableModel.m; sourceTree = "<group>"; };
		A3D498001210E0670076940C /* SimpleTableViewController.h */ = {isa = PBXFileReference; fileEncoding = 4; lastKnownFileType = sourcecode.c.h; path = SimpleTableViewController.h; sourceTree = "<group>"; };
		A3D498011210E0670076940C /* SimpleTableViewController.m */ = {isa = PBXFileReference; fileEncoding = 4; lastKnownFileType = sourcecode.c.objc; path = SimpleTableViewController.m; sourceTree = "<group>"; };
/* End PBXFileReference section */

/* Begin PBXFrameworksBuildPhase section */
		1D60588F0D05DD3D006BFB54 /* Frameworks */ = {
			isa = PBXFrameworksBuildPhase;
			buildActionMask = 2147483647;
			files = (
				1D60589F0D05DD5A006BFB54 /* Foundation.framework in Frameworks */,
				1DF5F4E00D08C38300B7A737 /* UIKit.framework in Frameworks */,
				288765FD0DF74451002DB57D /* CoreGraphics.framework in Frameworks */,
			);
			runOnlyForDeploymentPostprocessing = 0;
		};
		A3D492661210AA210076940C /* Frameworks */ = {
			isa = PBXFrameworksBuildPhase;
			buildActionMask = 2147483647;
			files = (
				A3D4939B1210ACA60076940C /* libKiwi.a in Frameworks */,
				A3D4939D1210ACAF0076940C /* libMocky.a in Frameworks */,
			);
			runOnlyForDeploymentPostprocessing = 0;
		};
/* End PBXFrameworksBuildPhase section */

/* Begin PBXGroup section */
		080E96DDFE201D6D7F000001 /* Classes */ = {
			isa = PBXGroup;
			children = (
				A3D498091210E0780076940C /* Examples */,
				A3D497F51210E0670076940C /* LRTableModel */,
				1D3623240D0F684500981E51 /* TableViewModelAppDelegate.h */,
				1D3623250D0F684500981E51 /* TableViewModelAppDelegate.m */,
				A32C9B851211B8E100BBE14A /* ExamplesIndexViewController.h */,
				A32C9B861211B8E100BBE14A /* ExamplesIndexViewController.m */,
			);
			path = Classes;
			sourceTree = "<group>";
		};
		19C28FACFE9D520D11CA2CBB /* Products */ = {
			isa = PBXGroup;
			children = (
				1D6058910D05DD3D006BFB54 /* TableViewModel.app */,
				A3D492691210AA210076940C /* Tests.octest */,
			);
			name = Products;
			sourceTree = "<group>";
		};
		29B97314FDCFA39411CA2CEA /* CustomTemplate */ = {
			isa = PBXGroup;
			children = (
				A3D492961210ABF20076940C /* Support */,
				A3D492721210AA590076940C /* Tests */,
				080E96DDFE201D6D7F000001 /* Classes */,
				29B97315FDCFA39411CA2CEA /* Other Sources */,
				29B97317FDCFA39411CA2CEA /* Resources */,
				29B97323FDCFA39411CA2CEA /* Frameworks */,
				19C28FACFE9D520D11CA2CBB /* Products */,
				A3D4926A1210AA210076940C /* Tests-Info.plist */,
			);
			name = CustomTemplate;
			sourceTree = "<group>";
		};
		29B97315FDCFA39411CA2CEA /* Other Sources */ = {
			isa = PBXGroup;
			children = (
				32CA4F630368D1EE00C91783 /* TableViewModel_Prefix.pch */,
				29B97316FDCFA39411CA2CEA /* main.m */,
			);
			name = "Other Sources";
			sourceTree = "<group>";
		};
		29B97317FDCFA39411CA2CEA /* Resources */ = {
			isa = PBXGroup;
			children = (
				A3D494B51210BA4A0076940C /* repositories.plist */,
				28AD733E0D9D9553002E5188 /* MainWindow.xib */,
				8D1107310486CEB800E47090 /* TableViewModel-Info.plist */,
				A32C9B9F1211BB6400BBE14A /* Examples.plist */,
			);
			name = Resources;
			sourceTree = "<group>";
		};
		29B97323FDCFA39411CA2CEA /* Frameworks */ = {
			isa = PBXGroup;
			children = (
				1DF5F4DF0D08C38300B7A737 /* UIKit.framework */,
				1D30AB110D05D00D00671497 /* Foundation.framework */,
				288765FC0DF74451002DB57D /* CoreGraphics.framework */,
			);
			name = Frameworks;
			sourceTree = "<group>";
		};
		A3D492721210AA590076940C /* Tests */ = {
			isa = PBXGroup;
			children = (
				A3D492751210AA590076940C /* Support */,
				A3D492761210AA590076940C /* Unit */,
			);
			path = Tests;
			sourceTree = "<group>";
		};
		A3D492751210AA590076940C /* Support */ = {
			isa = PBXGroup;
			children = (
				A3D4959C1210C6190076940C /* HCPassesBlock.h */,
				A3D4959D1210C6190076940C /* HCPassesBlock.m */,
				A3D492791210AA7E0076940C /* TestHelper.h */,
				A3D492821210AB0C0076940C /* TestHelper.m */,
			);
			path = Support;
			sourceTree = "<group>";
		};
		A3D492761210AA590076940C /* Unit */ = {
			isa = PBXGroup;
			children = (
				A3D494E41210BE130076940C /* SimpleTableViewModelTest.m */,
			);
			path = Unit;
			sourceTree = "<group>";
		};
		A3D492961210ABF20076940C /* Support */ = {
			isa = PBXGroup;
			children = (
				A3D493821210AC440076940C /* Kiwi.xcodeproj */,
				A3D493511210AC270076940C /* Mocky.xcodeproj */,
			);
			path = Support;
			sourceTree = "<group>";
		};
		A3D493521210AC270076940C /* Products */ = {
			isa = PBXGroup;
			children = (
				A3D4935B1210AC280076940C /* libMocky.a */,
				A3D4935D1210AC280076940C /* Tests.octest */,
				A3D4935F1210AC280076940C /* Example Tests.octest */,
			);
			name = Products;
			sourceTree = "<group>";
		};
		A3D493831210AC440076940C /* Products */ = {
			isa = PBXGroup;
			children = (
				A3D4938C1210AC440076940C /* KiwiDriver.app */,
				A3D4938E1210AC440076940C /* libKiwi.a */,
				A3D493901210AC440076940C /* KiwiTests.octest */,
			);
			name = Products;
			sourceTree = "<group>";
		};
		A3D497F51210E0670076940C /* LRTableModel */ = {
			isa = PBXGroup;
			children = (
				A3D497F61210E0670076940C /* LRTableModel.h */,
				A3D497F71210E0670076940C /* LRTableModelCellProvider.h */,
				A3D497F81210E0670076940C /* LRTableModelEvent.h */,
				A3D497F91210E0670076940C /* LRTableModelEvent.m */,
				A3D497FA1210E0670076940C /* LRTableModelEventListener.h */,
				A32C9B881211B9C100BBE14A /* LRAbstractTableModel.h */,
				A32C9B891211B9C100BBE14A /* LRAbstractTableModel.m */,
			);
			path = LRTableModel;
			sourceTree = "<group>";
		};
		A3D497FB1210E0670076940C /* SimpleTableModel */ = {
			isa = PBXGroup;
			children = (
				A3D497FC1210E0670076940C /* SimpleObject.h */,
				A3D497FD1210E0670076940C /* SimpleObject.m */,
				A3D497FE1210E0670076940C /* SimpleTableModel.h */,
				A3D497FF1210E0670076940C /* SimpleTableModel.m */,
				A3D498001210E0670076940C /* SimpleTableViewController.h */,
				A3D498011210E0670076940C /* SimpleTableViewController.m */,
			);
			path = SimpleTableModel;
			sourceTree = "<group>";
		};
		A3D498091210E0780076940C /* Examples */ = {
			isa = PBXGroup;
			children = (
				A3D497FB1210E0670076940C /* SimpleTableModel */,
			);
			name = Examples;
			sourceTree = "<group>";
		};
/* End PBXGroup section */

/* Begin PBXNativeTarget section */
		1D6058900D05DD3D006BFB54 /* TableViewModel */ = {
			isa = PBXNativeTarget;
			buildConfigurationList = 1D6058960D05DD3E006BFB54 /* Build configuration list for PBXNativeTarget "TableViewModel" */;
			buildPhases = (
				1D60588D0D05DD3D006BFB54 /* Resources */,
				1D60588E0D05DD3D006BFB54 /* Sources */,
				1D60588F0D05DD3D006BFB54 /* Frameworks */,
			);
			buildRules = (
			);
			dependencies = (
				A3D4926F1210AA2C0076940C /* PBXTargetDependency */,
			);
			name = TableViewModel;
			productName = TableViewModel;
			productReference = 1D6058910D05DD3D006BFB54 /* TableViewModel.app */;
			productType = "com.apple.product-type.application";
		};
		A3D492681210AA210076940C /* Tests */ = {
			isa = PBXNativeTarget;
			buildConfigurationList = A3D4926D1210AA210076940C /* Build configuration list for PBXNativeTarget "Tests" */;
			buildPhases = (
				A3D492641210AA210076940C /* Resources */,
				A3D492651210AA210076940C /* Sources */,
				A3D492661210AA210076940C /* Frameworks */,
				A3D492671210AA210076940C /* ShellScript */,
			);
			buildRules = (
			);
			dependencies = (
				A3D493921210AC570076940C /* PBXTargetDependency */,
				A3D493941210AC570076940C /* PBXTargetDependency */,
			);
			name = Tests;
			productName = Tests;
			productReference = A3D492691210AA210076940C /* Tests.octest */;
			productType = "com.apple.product-type.bundle";
		};
/* End PBXNativeTarget section */

/* Begin PBXProject section */
		29B97313FDCFA39411CA2CEA /* Project object */ = {
			isa = PBXProject;
			buildConfigurationList = C01FCF4E08A954540054247B /* Build configuration list for PBXProject "TableViewModel" */;
			compatibilityVersion = "Xcode 3.1";
			hasScannedForEncodings = 1;
			mainGroup = 29B97314FDCFA39411CA2CEA /* CustomTemplate */;
			projectDirPath = "";
			projectReferences = (
				{
					ProductGroup = A3D493831210AC440076940C /* Products */;
					ProjectRef = A3D493821210AC440076940C /* Kiwi.xcodeproj */;
				},
				{
					ProductGroup = A3D493521210AC270076940C /* Products */;
					ProjectRef = A3D493511210AC270076940C /* Mocky.xcodeproj */;
				},
			);
			projectRoot = "";
			targets = (
				1D6058900D05DD3D006BFB54 /* TableViewModel */,
				A3D492681210AA210076940C /* Tests */,
			);
		};
/* End PBXProject section */

/* Begin PBXReferenceProxy section */
		A3D4935B1210AC280076940C /* libMocky.a */ = {
			isa = PBXReferenceProxy;
			fileType = archive.ar;
			path = libMocky.a;
			remoteRef = A3D4935A1210AC280076940C /* PBXContainerItemProxy */;
			sourceTree = BUILT_PRODUCTS_DIR;
		};
		A3D4935D1210AC280076940C /* Tests.octest */ = {
			isa = PBXReferenceProxy;
			fileType = wrapper.cfbundle;
			path = Tests.octest;
			remoteRef = A3D4935C1210AC280076940C /* PBXContainerItemProxy */;
			sourceTree = BUILT_PRODUCTS_DIR;
		};
		A3D4935F1210AC280076940C /* Example Tests.octest */ = {
			isa = PBXReferenceProxy;
			fileType = wrapper.cfbundle;
			path = "Example Tests.octest";
			remoteRef = A3D4935E1210AC280076940C /* PBXContainerItemProxy */;
			sourceTree = BUILT_PRODUCTS_DIR;
		};
		A3D4938C1210AC440076940C /* KiwiDriver.app */ = {
			isa = PBXReferenceProxy;
			fileType = wrapper.application;
			path = KiwiDriver.app;
			remoteRef = A3D4938B1210AC440076940C /* PBXContainerItemProxy */;
			sourceTree = BUILT_PRODUCTS_DIR;
		};
		A3D4938E1210AC440076940C /* libKiwi.a */ = {
			isa = PBXReferenceProxy;
			fileType = archive.ar;
			path = libKiwi.a;
			remoteRef = A3D4938D1210AC440076940C /* PBXContainerItemProxy */;
			sourceTree = BUILT_PRODUCTS_DIR;
		};
		A3D493901210AC440076940C /* KiwiTests.octest */ = {
			isa = PBXReferenceProxy;
			fileType = wrapper.cfbundle;
			path = KiwiTests.octest;
			remoteRef = A3D4938F1210AC440076940C /* PBXContainerItemProxy */;
			sourceTree = BUILT_PRODUCTS_DIR;
		};
/* End PBXReferenceProxy section */

/* Begin PBXResourcesBuildPhase section */
		1D60588D0D05DD3D006BFB54 /* Resources */ = {
			isa = PBXResourcesBuildPhase;
			buildActionMask = 2147483647;
			files = (
				28AD733F0D9D9553002E5188 /* MainWindow.xib in Resources */,
				A3D494B61210BA4A0076940C /* repositories.plist in Resources */,
				A32C9BCC1211BC8C00BBE14A /* Examples.plist in Resources */,
			);
			runOnlyForDeploymentPostprocessing = 0;
		};
		A3D492641210AA210076940C /* Resources */ = {
			isa = PBXResourcesBuildPhase;
			buildActionMask = 2147483647;
			files = (
			);
			runOnlyForDeploymentPostprocessing = 0;
		};
/* End PBXResourcesBuildPhase section */

/* Begin PBXShellScriptBuildPhase section */
		A3D492671210AA210076940C /* ShellScript */ = {
			isa = PBXShellScriptBuildPhase;
			buildActionMask = 2147483647;
			files = (
			);
			inputPaths = (
			);
			outputPaths = (
			);
			runOnlyForDeploymentPostprocessing = 0;
			shellPath = /bin/sh;
			shellScript = "# Run the unit tests in this test bundle.\n\"${SYSTEM_DEVELOPER_DIR}/Tools/RunUnitTests\"\n";
		};
/* End PBXShellScriptBuildPhase section */

/* Begin PBXSourcesBuildPhase section */
		1D60588E0D05DD3D006BFB54 /* Sources */ = {
			isa = PBXSourcesBuildPhase;
			buildActionMask = 2147483647;
			files = (
				1D60589B0D05DD56006BFB54 /* main.m in Sources */,
				1D3623260D0F684500981E51 /* TableViewModelAppDelegate.m in Sources */,
				A3D4980C1210E0930076940C /* SimpleTableViewController.m in Sources */,
				A3D4980F1210E0990076940C /* SimpleObject.m in Sources */,
				A3D498101210E0990076940C /* SimpleTableModel.m in Sources */,
				A3D498141210E0A10076940C /* LRTableModelEvent.m in Sources */,
				A32C9BB81211BC5800BBE14A /* ExamplesIndexViewController.m in Sources */,
				A32C9BC11211BC6D00BBE14A /* LRAbstractTableModel.m in Sources */,
			);
			runOnlyForDeploymentPostprocessing = 0;
		};
		A3D492651210AA210076940C /* Sources */ = {
			isa = PBXSourcesBuildPhase;
			buildActionMask = 2147483647;
			files = (
				A3D492831210AB0C0076940C /* TestHelper.m in Sources */,
				A3D494E91210BE2E0076940C /* SimpleTableViewModelTest.m in Sources */,
				A3D4959E1210C6190076940C /* HCPassesBlock.m in Sources */,
				A3D498131210E0A10076940C /* LRTableModelEvent.m in Sources */,
				A3D498171210E0A70076940C /* SimpleTableModel.m in Sources */,
				A3D498181210E0AA0076940C /* SimpleObject.m in Sources */,
				A32C9B8A1211B9C100BBE14A /* LRAbstractTableModel.m in Sources */,
			);
			runOnlyForDeploymentPostprocessing = 0;
		};
/* End PBXSourcesBuildPhase section */

/* Begin PBXTargetDependency section */
		A3D4926F1210AA2C0076940C /* PBXTargetDependency */ = {
			isa = PBXTargetDependency;
			target = A3D492681210AA210076940C /* Tests */;
			targetProxy = A3D4926E1210AA2C0076940C /* PBXContainerItemProxy */;
		};
		A3D493921210AC570076940C /* PBXTargetDependency */ = {
			isa = PBXTargetDependency;
			name = Kiwi;
			targetProxy = A3D493911210AC570076940C /* PBXContainerItemProxy */;
		};
		A3D493941210AC570076940C /* PBXTargetDependency */ = {
			isa = PBXTargetDependency;
			name = Mocky;
			targetProxy = A3D493931210AC570076940C /* PBXContainerItemProxy */;
		};
/* End PBXTargetDependency section */

/* Begin XCBuildConfiguration section */
		1D6058940D05DD3E006BFB54 /* Debug */ = {
			isa = XCBuildConfiguration;
			buildSettings = {
				ALWAYS_SEARCH_USER_PATHS = NO;
				COPY_PHASE_STRIP = NO;
				GCC_DYNAMIC_NO_PIC = NO;
				GCC_OPTIMIZATION_LEVEL = 0;
				GCC_PRECOMPILE_PREFIX_HEADER = YES;
				GCC_PREFIX_HEADER = TableViewModel_Prefix.pch;
				INFOPLIST_FILE = "TableViewModel-Info.plist";
				PRODUCT_NAME = TableViewModel;
			};
			name = Debug;
		};
		1D6058950D05DD3E006BFB54 /* Release */ = {
			isa = XCBuildConfiguration;
			buildSettings = {
				ALWAYS_SEARCH_USER_PATHS = NO;
				COPY_PHASE_STRIP = YES;
				GCC_PRECOMPILE_PREFIX_HEADER = YES;
				GCC_PREFIX_HEADER = TableViewModel_Prefix.pch;
				INFOPLIST_FILE = "TableViewModel-Info.plist";
				PRODUCT_NAME = TableViewModel;
				VALIDATE_PRODUCT = YES;
			};
			name = Release;
		};
		A3D4926B1210AA210076940C /* Debug */ = {
			isa = XCBuildConfiguration;
			buildSettings = {
				ALWAYS_SEARCH_USER_PATHS = NO;
				"CODE_SIGN_IDENTITY[sdk=iphoneos*]" = "";
				COPY_PHASE_STRIP = NO;
				FRAMEWORK_SEARCH_PATHS = (
					"\"$(SDKROOT)/Developer/Library/Frameworks\"",
					"\"$(DEVELOPER_LIBRARY_DIR)/Frameworks\"",
				);
				GCC_DYNAMIC_NO_PIC = NO;
				GCC_ENABLE_FIX_AND_CONTINUE = NO;
				GCC_ENABLE_OBJC_EXCEPTIONS = YES;
				GCC_OPTIMIZATION_LEVEL = 0;
				GCC_VERSION = com.apple.compilers.llvm.clang.1_0;
				INFOPLIST_FILE = "Tests-Info.plist";
				OTHER_LDFLAGS = (
					"-framework",
					Foundation,
					"-framework",
					SenTestingKit,
					"-framework",
					UIKit,
					"-all_load",
					"-lstdc++",
				);
				PREBINDING = NO;
				PRODUCT_NAME = Tests;
				USER_HEADER_SEARCH_PATHS = "Support/**";
				WRAPPER_EXTENSION = octest;
			};
			name = Debug;
		};
		A3D4926C1210AA210076940C /* Release */ = {
			isa = XCBuildConfiguration;
			buildSettings = {
				ALWAYS_SEARCH_USER_PATHS = NO;
				"CODE_SIGN_IDENTITY[sdk=iphoneos*]" = "";
				COPY_PHASE_STRIP = YES;
				DEBUG_INFORMATION_FORMAT = "dwarf-with-dsym";
				FRAMEWORK_SEARCH_PATHS = (
					"\"$(SDKROOT)/Developer/Library/Frameworks\"",
					"\"$(DEVELOPER_LIBRARY_DIR)/Frameworks\"",
				);
				GCC_ENABLE_FIX_AND_CONTINUE = NO;
				GCC_ENABLE_OBJC_EXCEPTIONS = YES;
				GCC_VERSION = com.apple.compilers.llvm.clang.1_0;
				INFOPLIST_FILE = "Tests-Info.plist";
				OTHER_LDFLAGS = (
					"-framework",
					Foundation,
					"-framework",
					SenTestingKit,
					"-framework",
					UIKit,
					"-all_load",
					"-lstdc++",
				);
				PREBINDING = NO;
				PRODUCT_NAME = Tests;
				USER_HEADER_SEARCH_PATHS = "Support/**";
				WRAPPER_EXTENSION = octest;
				ZERO_LINK = NO;
			};
			name = Release;
		};
		C01FCF4F08A954540054247B /* Debug */ = {
			isa = XCBuildConfiguration;
			buildSettings = {
				ARCHS = "$(ARCHS_STANDARD_32_BIT)";
				"CODE_SIGN_IDENTITY[sdk=iphoneos*]" = "iPhone Developer";
				GCC_C_LANGUAGE_STANDARD = c99;
				GCC_WARN_ABOUT_RETURN_TYPE = YES;
				GCC_WARN_UNUSED_VARIABLE = YES;
				PREBINDING = NO;
				SDKROOT = iphoneos4.0;
			};
			name = Debug;
		};
		C01FCF5008A954540054247B /* Release */ = {
			isa = XCBuildConfiguration;
			buildSettings = {
				ARCHS = "$(ARCHS_STANDARD_32_BIT)";
				"CODE_SIGN_IDENTITY[sdk=iphoneos*]" = "iPhone Developer";
				GCC_C_LANGUAGE_STANDARD = c99;
				GCC_WARN_ABOUT_RETURN_TYPE = YES;
				GCC_WARN_UNUSED_VARIABLE = YES;
				OTHER_CFLAGS = "-DNS_BLOCK_ASSERTIONS=1";
				PREBINDING = NO;
				SDKROOT = iphoneos4.0;
			};
			name = Release;
		};
/* End XCBuildConfiguration section */

/* Begin XCConfigurationList section */
		1D6058960D05DD3E006BFB54 /* Build configuration list for PBXNativeTarget "TableViewModel" */ = {
			isa = XCConfigurationList;
			buildConfigurations = (
				1D6058940D05DD3E006BFB54 /* Debug */,
				1D6058950D05DD3E006BFB54 /* Release */,
			);
			defaultConfigurationIsVisible = 0;
			defaultConfigurationName = Release;
		};
		A3D4926D1210AA210076940C /* Build configuration list for PBXNativeTarget "Tests" */ = {
			isa = XCConfigurationList;
			buildConfigurations = (
				A3D4926B1210AA210076940C /* Debug */,
				A3D4926C1210AA210076940C /* Release */,
			);
			defaultConfigurationIsVisible = 0;
			defaultConfigurationName = Release;
		};
		C01FCF4E08A954540054247B /* Build configuration list for PBXProject "TableViewModel" */ = {
			isa = XCConfigurationList;
			buildConfigurations = (
				C01FCF4F08A954540054247B /* Debug */,
				C01FCF5008A954540054247B /* Release */,
			);
			defaultConfigurationIsVisible = 0;
			defaultConfigurationName = Release;
		};
/* End XCConfigurationList section */
	};
	rootObject = 29B97313FDCFA39411CA2CEA /* Project object */;
}
